
Microsoft Visual Studio Solution File, Format Version 12.00
# Visual Studio Version 17
VisualStudioVersion = 17.6.33723.286
MinimumVisualStudioVersion = 10.0.40219.1
Project("{FAE04EC0-301F-11D3-BF4B-00C04F79EFBC}") = "ExchangeAPITest", "ExchangeAPITest\ExchangeAPITest.csproj", "{713127DB-0D92-4117-9938-72D9F1E72DD4}"
EndProject
Global
	GlobalSection(SolutionConfigurationPlatforms) = preSolution
		Debug|Any CPU = Debug|Any CPU
		Release|Any CPU = Release|Any CPU
	EndGlobalSection
	GlobalSection(ProjectConfigurationPlatforms) = postSolution
		{713127DB-0D92-4117-9938-72D9F1E72DD4}.Debug|Any CPU.ActiveCfg = Debug|Any CPU
		{713127DB-0D92-4117-9938-72D9F1E72DD4}.Debug|Any CPU.Build.0 = Debug|Any CPU
		{713127DB-0D92-4117-9938-72D9F1E72DD4}.Release|Any CPU.ActiveCfg = Release|Any CPU
		{713127DB-0D92-4117-9938-72D9F1E72DD4}.Release|Any CPU.Build.0 = Release|Any CPU
	EndGlobalSection
	GlobalSection(SolutionProperties) = preSolution
		HideSolutionNode = FALSE
	EndGlobalSection
	GlobalSection(ExtensibilityGlobals) = postSolution
		SolutionGuid = {B8E24A12-BEB6-41BD-B953-553B47197719}
	EndGlobalSection
EndGlobal
